{
  "lockfileVersion": 1,
  "configVersion": 1,
  "workspaces": {
    "": {
      "name": "r4",
      "dependencies": {
        "@radio4000/sdk": "^0.8.2",
        "ffmetadata": "^1.7.0",
        "filenamify": "^7.0.2",
        "get-artist-title": "^1.3.1",
        "prompts": "^2.4.2",
        "zod": "^4.4.3",
      },
      "devDependencies": {
        "@biomejs/biome": "^2.5.7",
      },
    },
  },
  "packages": {
    "@biomejs/biome": ["@biomejs/biome@2.5.7", "", { "optionalDependencies": { "@biomejs/cli-darwin-arm64": "2.5.7", "@biomejs/cli-darwin-x64": "2.5.7", "@biomejs/cli-linux-arm64": "2.5.7", "@biomejs/cli-linux-arm64-musl": "2.5.7", "@biomejs/cli-linux-x64": "2.5.7", "@biomejs/cli-linux-x64-musl": "2.5.7", "@biomejs/cli-win32-arm64": "2.5.7", "@biomejs/cli-win32-x64": "2.5.7" }, "bin": { "biome": "bin/biome" } }, "sha512-zr8K/DcY5tYsQOQwqMJ0AWElo6QgmgNI7idXgXLhevVszlt8RGVpesEJPqx3ThazLaOwjJ5Y8fz3BtH5fGZNsw=="],

    "@biomejs/cli-darwin-arm64": ["@biomejs/cli-darwin-arm64@2.5.7", "", { "os": "darwin", "cpu": "arm64" }, "sha512-vxo/Ls3/PYdQWyLhYYcgMOCzQypAjcY+iihS8M0wW03l16TCLW4zqZzGo75gm1VdCMj38hTVZ31KBWrZ4G9dJw=="],

    "@biomejs/cli-darwin-x64": ["@biomejs/cli-darwin-x64@2.5.7", "", { "os": "darwin", "cpu": "x64" }, "sha512-Cd3Ga61amT/Yl/0x8elP5hhGYaFy4bw6WuysTgf7oo8TA5tJ5A1k+DkVoJ2BHbTVil51gTX9VPzArnrlLJ3Kyg=="],

    "@biomejs/cli-linux-arm64": ["@biomejs/cli-linux-arm64@2.5.7", "", { "os": "linux", "cpu": "arm64" }, "sha512-rR2QE0yF2GYSuYuKIa7pKvODGJqnOH+2eDREAM8wV+mWKSkMQKdAp4zXEZfTaxY8PMoNONnpgSWcBCyLDPDOKg=="],

    "@biomejs/cli-linux-arm64-musl": ["@biomejs/cli-linux-arm64-musl@2.5.7", "", { "os": "linux", "cpu": "arm64" }, "sha512-xPI5yB6XlpDbNkS+bm1t42olw5c4l3UrlOmLg7KtLJvjvkNF/1V4tnUgfkylGIeb3u/T+BzMGYqgQhzjAoJzuQ=="],

    "@biomejs/cli-linux-x64": ["@biomejs/cli-linux-x64@2.5.7", "", { "os": "linux", "cpu": "x64" }, "sha512-FQgqJhscrqJUFptGaRSUJWlXAExwWcDwLuK49dvKfkQ1bB5SEEyFssnsxQY83Xm6jR0EbbX3+8+D5bfvYqUG2Q=="],

    "@biomejs/cli-linux-x64-musl": ["@biomejs/cli-linux-x64-musl@2.5.7", "", { "os": "linux", "cpu": "x64" }, "sha512-rE5VZi+qtmPgQH+l7jVxYoZ18b/TiHEhulhMpjmCZH1PltSbjRcxNWywC3HZ9tYottG7ORkeTtoscBilKSBm0g=="],

    "@biomejs/cli-win32-arm64": ["@biomejs/cli-win32-arm64@2.5.7", "", { "os": "win32", "cpu": "arm64" }, "sha512-Oq4x0CCwP4jirrcTywXs5kOGZ4v5vuEP+gWrbtjApOA2CL9F3F9GlIdQIci8AKSCa/zURanMRpX/4wQ7Am6hHg=="],

    "@biomejs/cli-win32-x64": ["@biomejs/cli-win32-x64@2.5.7", "", { "os": "win32", "cpu": "x64" }, "sha512-V+0wu/nrj2S+MhP4EQ0uHNolP0IALEsz45pg0WoKkHfDeh0+ItHwP/p7bX5RPoMOl9NkpHYWdYPhIcy2mACHvQ=="],

    "@radio4000/sdk": ["@radio4000/sdk@0.8.2", "", { "dependencies": { "@supabase/supabase-js": "^2.99.3" } }, "sha512-SmKqwVOGptldpDO2goIV72jbwZ/j4baeLz1uoqv4RyWh/qAfePYHf2JtIS67ON66hsFuNYZKbv7cD1fWf82yVA=="],

    "@supabase/auth-js": ["@supabase/auth-js@2.112.0", "", { "dependencies": { "tslib": "2.8.1" } }, "sha512-8qAdObNQHKbSeVBLmf2WLNT7+bCE8zBofpCFiNUqGBAl5qw9VagSvcmPXlh78McAU7iHrGik1oeJxiB2A6B29w=="],

    "@supabase/functions-js": ["@supabase/functions-js@2.112.0", "", { "dependencies": { "tslib": "2.8.1" } }, "sha512-2DdaEZs0vq86orMIZBO+eM5w5/UxZb1EZyg2JraBKS4W9BzfFO+fOFD6YStmZ7iAOWvxNTGPjPNItsofpGgTCA=="],

    "@supabase/phoenix": ["@supabase/phoenix@0.4.5", "", {}, "sha512-aAn9H9ovVyeApKy11OWOrrOGq8DV68yWeH4ud2lN9fzn4aO8Zb5GLL9m1pUg9nLqIcT+ZDfAcsZe0E/nqdv2lw=="],

    "@supabase/postgrest-js": ["@supabase/postgrest-js@2.112.0", "", { "dependencies": { "tslib": "2.8.1" } }, "sha512-4HKCVq32Jlk/wS8Ud8QgaAuQ4u6w1hZfw/gS5IcIN7wYddElMj4kfiCZpHMPfncomMnYzAKBUhwBZPpRcTH2Yw=="],

    "@supabase/realtime-js": ["@supabase/realtime-js@2.112.0", "", { "dependencies": { "@supabase/phoenix": "0.4.5", "tslib": "2.8.1" } }, "sha512-McFFP+ivFDMTaCEh8JDpG+sPEmv5IjKvrP0uTH3Lbsriai4KbxB8ycY8TqPQnbjhOVjEifQm1q0y2tL1CUw9Zg=="],

    "@supabase/storage-js": ["@supabase/storage-js@2.112.0", "", { "dependencies": { "iceberg-js": "^0.8.1", "tslib": "2.8.1" } }, "sha512-X44Bl045X/e5e2tJqWsY+JmQvgtm04BJuijiWprIWYLn0mDvGnu8hLdzPOPcTVji7wlqbt2ZUHttsv+rGKQYXw=="],

    "@supabase/supabase-js": ["@supabase/supabase-js@2.112.0", "", { "dependencies": { "@supabase/auth-js": "2.112.0", "@supabase/functions-js": "2.112.0", "@supabase/postgrest-js": "2.112.0", "@supabase/realtime-js": "2.112.0", "@supabase/storage-js": "2.112.0" }, "peerDependencies": { "@opentelemetry/api": ">=1.0.0" }, "optionalPeers": ["@opentelemetry/api"] }, "sha512-dHVOgog58GOagtrZuPxJYg/R45ZV2U0qqgXffH+lMlt1OS+267Pw4g7bw3iXCGxN85OufiE0nI1baxDXlgEyfQ=="],

    "audio-extensions": ["audio-extensions@0.0.0", "", {}, "sha512-yj9C819u3ED3/OyRd9mLKMXGy8wsElaf6bkkv6OqZEKrNAT461TjiznS4IfPBy8Mmh6DWaXCQCVYSq3+VHkpjQ=="],

    "base64-js": ["base64-js@0.0.2", "", {}, "sha512-Pj9L87dCdGcKlSqPVUjD+q96pbIx1zQQLb2CUiWURfjiBELv84YX+0nGnKmyT/9KkC7PQk7UN1w+Al8bBozaxQ=="],

    "bops": ["bops@0.0.6", "", { "dependencies": { "base64-js": "0.0.2", "to-utf8": "0.0.1" } }, "sha512-EWD8/Ei9o/h/wmR3w/YL/8dGKe4rSFHlaO8VNNcuXnjXjeTgxdcmhjPf9hRCYlqTrBPZbKaht+FxZKahcob5UQ=="],

    "concat-stream": ["concat-stream@1.0.1", "", { "dependencies": { "bops": "0.0.6" } }, "sha512-nAHFsgeRVVvZ+aB3S1gLeN73fQ+tdOcw075BHbXMbC6MY0h6nqAkEeqPVCw8kRuDJJZDvaUjxI4jZv2FD0Tl8A=="],

    "duplexer": ["duplexer@0.0.4", "", {}, "sha512-nO0WWuIDTde3CWK/8IPpG50dyhUilgpsqzYSIP+w20Yh+4iDgb/2Gs75QItcp0Hmx/JtxtTXBalj+LSTD1VemA=="],

    "ffmetadata": ["ffmetadata@1.7.0", "", { "dependencies": { "concat-stream": "~1.0.0", "split": "~0.2.6", "stream-combiner": "0.0.2", "stream-filter": "1", "through": "~2.3.4" } }, "sha512-9qiv40lskKAz63qJKemVxmfH3Xkp3TuXK7teQOxh69kSJDxkBu1Mzr93bSKL9fyqqZ4uo6hnZfCHb/40AEF8+A=="],

    "filename-reserved-regex": ["filename-reserved-regex@4.0.0", "", {}, "sha512-9ZT504KxEQDamsOogZImAWGEN24R1uFAxU3ZS4AZqn2ooidmN68Olh7n4/RcA4lLatZztjA0ZSuxeLHVoCc8JA=="],

    "filenamify": ["filenamify@7.0.2", "", { "dependencies": { "filename-reserved-regex": "^4.0.0" } }, "sha512-fz10TUqSZ1lG7ftW1KnRotJzMD8YRb6kaAQKpZJBLvqXXfFgIEpuazy1w2lK3zhMiBSdH/uF9LFlv5smJ2Jl1w=="],

    "get-artist-title": ["get-artist-title@1.3.1", "", { "dependencies": { "audio-extensions": "0.0.0", "video-extensions": "^1.1.0" }, "bin": { "format-artist-title": "cli.js" } }, "sha512-oK+EOnyOgdSAYeqq/VDRJC71Kyz7YR6MPhM1Juwb0Lil4g3kBcTPQCgEouhSKwAyDQuUx1M8oyLfMSSqa6m/TA=="],

    "iceberg-js": ["iceberg-js@0.8.1", "", {}, "sha512-1dhVQZXhcHje7798IVM+xoo/1ZdVfzOMIc8/rgVSijRK38EDqOJoGula9N/8ZI5RD8QTxNQtK/Gozpr+qUqRRA=="],

    "kleur": ["kleur@3.0.3", "", {}, "sha512-eTIzlVOSUR+JxdDFepEYcBMtZ9Qqdef+rnzWdRZuMbOywu5tO2w2N7rqjoANZ5k9vywhL6Br1VRjUIgTQx4E8w=="],

    "prompts": ["prompts@2.4.2", "", { "dependencies": { "kleur": "^3.0.3", "sisteransi": "^1.0.5" } }, "sha512-NxNv/kLguCA7p3jE8oL2aEBsrJWgAakBpgmgK6lpPWV+WuOmY6r2/zbAVnP+T8bQlA0nzHXSJSJW0Hq7ylaD2Q=="],

    "sisteransi": ["sisteransi@1.0.5", "", {}, "sha512-bLGGlR1QxBcynn2d5YmDX4MGjlZvy2MRBDRNHLJ8VI6l6+9FUiyTFNJ0IveOSP0bcXgVDPRcfGqA0pjaqUpfVg=="],

    "split": ["split@0.2.10", "", { "dependencies": { "through": "2" } }, "sha512-e0pKq+UUH2Xq/sXbYpZBZc3BawsfDZ7dgv+JtRTUPNcvF5CMR4Y9cvJqkMY0MoxWzTHvZuz1beg6pNEKlszPiQ=="],

    "stream-combiner": ["stream-combiner@0.0.2", "", { "dependencies": { "duplexer": "~0.0.3" } }, "sha512-Z2D5hPQapscuHNqiyUgjnF1sxG/9CB7gs1a9vcS2/OvMiFwmm6EZw9IjbU34l5mPXS62RidpoBdyB83E0GXHLw=="],

    "stream-filter": ["stream-filter@1.0.0", "", { "dependencies": { "through": "~2" } }, "sha512-FnB+RV/hfX5nU758FY1ImWwmbHRCiqTdZHMlLfnEz/rR8S1HPvt7LzcZh/poqVBvn3cgoiUTmsAipb8oN+EbFA=="],

    "through": ["through@2.3.8", "", {}, "sha512-w89qg7PI8wAdvX60bMDP+bFoD5Dvhm9oLheFp5O4a2QF0cSBGsBX4qZmadPMvVqlLJBBci+WqGGOAPvcDeNSVg=="],

    "to-utf8": ["to-utf8@0.0.1", "", {}, "sha512-zks18/TWT1iHO3v0vFp5qLKOG27m67ycq/Y7a7cTiRuUNlc4gf3HGnkRgMv0NyhnfTamtkYBJl+YeD1/j07gBQ=="],

    "tslib": ["tslib@2.8.1", "", {}, "sha512-oJFu94HQb+KVduSUQL7wnpmqnfmLsOA/nAh6b6EH0wCEoK0/mPeXU6c3wKDV83MkOuHPRHtSXKKU99IBazS/2w=="],

    "video-extensions": ["video-extensions@1.2.0", "", {}, "sha512-TriMl18BHEsh2KuuSA065tbu4SNAC9fge7k8uKoTTofTq89+Xsg4K1BGbmSVETwUZhqSjd9KwRCNwXAW/buXMg=="],

    "zod": ["zod@4.4.3", "", {}, "sha512-ytENFjIJFl2UwYglde2jchW2Hwm4GJFLDiSXWdTrJQBIN9Fcyp7n4DhxJEiWNAJMV1/BqWfW/kkg71UDcHJyTQ=="],
  }
}
