{
  "lockfileVersion": 1,
  "configVersion": 1,
  "workspaces": {
    "": {
      "name": "r4",
      "dependencies": {
        "@radio4000/sdk": "^0.7.0",
        "ffmetadata": "^1.7.0",
        "filenamify": "^7.0.1",
        "fuzzysort": "^3.1.0",
        "get-artist-title": "^1.3.1",
        "prompts": "^2.4.2",
        "zod": "^4.1.13",
      },
      "devDependencies": {
        "@biomejs/biome": "^2.3.5",
      },
    },
  },
  "packages": {
    "@biomejs/biome": ["@biomejs/biome@2.3.11", "", { "optionalDependencies": { "@biomejs/cli-darwin-arm64": "2.3.11", "@biomejs/cli-darwin-x64": "2.3.11", "@biomejs/cli-linux-arm64": "2.3.11", "@biomejs/cli-linux-arm64-musl": "2.3.11", "@biomejs/cli-linux-x64": "2.3.11", "@biomejs/cli-linux-x64-musl": "2.3.11", "@biomejs/cli-win32-arm64": "2.3.11", "@biomejs/cli-win32-x64": "2.3.11" }, "bin": { "biome": "bin/biome" } }, "sha512-/zt+6qazBWguPG6+eWmiELqO+9jRsMZ/DBU3lfuU2ngtIQYzymocHhKiZRyrbra4aCOoyTg/BmY+6WH5mv9xmQ=="],

    "@biomejs/cli-darwin-arm64": ["@biomejs/cli-darwin-arm64@2.3.11", "", { "os": "darwin", "cpu": "arm64" }, "sha512-/uXXkBcPKVQY7rc9Ys2CrlirBJYbpESEDme7RKiBD6MmqR2w3j0+ZZXRIL2xiaNPsIMMNhP1YnA+jRRxoOAFrA=="],

    "@biomejs/cli-darwin-x64": ["@biomejs/cli-darwin-x64@2.3.11", "", { "os": "darwin", "cpu": "x64" }, "sha512-fh7nnvbweDPm2xEmFjfmq7zSUiox88plgdHF9OIW4i99WnXrAC3o2P3ag9judoUMv8FCSUnlwJCM1B64nO5Fbg=="],

    "@biomejs/cli-linux-arm64": ["@biomejs/cli-linux-arm64@2.3.11", "", { "os": "linux", "cpu": "arm64" }, "sha512-l4xkGa9E7Uc0/05qU2lMYfN1H+fzzkHgaJoy98wO+b/7Gl78srbCRRgwYSW+BTLixTBrM6Ede5NSBwt7rd/i6g=="],

    "@biomejs/cli-linux-arm64-musl": ["@biomejs/cli-linux-arm64-musl@2.3.11", "", { "os": "linux", "cpu": "arm64" }, "sha512-XPSQ+XIPZMLaZ6zveQdwNjbX+QdROEd1zPgMwD47zvHV+tCGB88VH+aynyGxAHdzL+Tm/+DtKST5SECs4iwCLg=="],

    "@biomejs/cli-linux-x64": ["@biomejs/cli-linux-x64@2.3.11", "", { "os": "linux", "cpu": "x64" }, "sha512-/1s9V/H3cSe0r0Mv/Z8JryF5x9ywRxywomqZVLHAoa/uN0eY7F8gEngWKNS5vbbN/BsfpCG5yeBT5ENh50Frxg=="],

    "@biomejs/cli-linux-x64-musl": ["@biomejs/cli-linux-x64-musl@2.3.11", "", { "os": "linux", "cpu": "x64" }, "sha512-vU7a8wLs5C9yJ4CB8a44r12aXYb8yYgBn+WeyzbMjaCMklzCv1oXr8x+VEyWodgJt9bDmhiaW/I0RHbn7rsNmw=="],

    "@biomejs/cli-win32-arm64": ["@biomejs/cli-win32-arm64@2.3.11", "", { "os": "win32", "cpu": "arm64" }, "sha512-PZQ6ElCOnkYapSsysiTy0+fYX+agXPlWugh6+eQ6uPKI3vKAqNp6TnMhoM3oY2NltSB89hz59o8xIfOdyhi9Iw=="],

    "@biomejs/cli-win32-x64": ["@biomejs/cli-win32-x64@2.3.11", "", { "os": "win32", "cpu": "x64" }, "sha512-43VrG813EW+b5+YbDbz31uUsheX+qFKCpXeY9kfdAx+ww3naKxeVkTD9zLIWxUPfJquANMHrmW3wbe/037G0Qg=="],

    "@radio4000/sdk": ["@radio4000/sdk@0.7.0", "", { "dependencies": { "@supabase/supabase-js": "^2.90.1", "media-url-parser": "^0.2.4", "uuid": "^13.0.0" } }, "sha512-tnYOnFJb9+kioFbgb6GZW5/vY/ejJr71eTeS3llNcHx9lxi1G417WqDl+MgsTXuUKzgDqb5lC8qHVo42JqKh4Q=="],

    "@supabase/auth-js": ["@supabase/auth-js@2.90.1", "", { "dependencies": { "tslib": "2.8.1" } }, "sha512-vxb66dgo6h3yyPbR06735Ps+dK3hj0JwS8w9fdQPVZQmocSTlKUW5MfxSy99mN0XqCCuLMQ3jCEiIIUU23e9ng=="],

    "@supabase/functions-js": ["@supabase/functions-js@2.90.1", "", { "dependencies": { "tslib": "2.8.1" } }, "sha512-x9mV9dF1Lam9qL3zlpP6mSM5C9iqMPtF5B/tU1Jj/F0ufX5mjDf9ghVBaErVxmrQJRL4+iMKWKY2GnODkpS8tw=="],

    "@supabase/postgrest-js": ["@supabase/postgrest-js@2.90.1", "", { "dependencies": { "tslib": "2.8.1" } }, "sha512-jh6vqzaYzoFn3raaC0hcFt9h+Bt+uxNRBSdc7PfToQeRGk7PDPoweHsbdiPWREtDVTGKfu+PyPW9e2jbK+BCgQ=="],

    "@supabase/realtime-js": ["@supabase/realtime-js@2.90.1", "", { "dependencies": { "@types/phoenix": "^1.6.6", "@types/ws": "^8.18.1", "tslib": "2.8.1", "ws": "^8.18.2" } }, "sha512-PWbnEMkcQRuor8jhObp4+Snufkq8C6fBp+MchVp2qBPY1NXk/c3Iv3YyiFYVzo0Dzuw4nAlT4+ahuPggy4r32w=="],

    "@supabase/storage-js": ["@supabase/storage-js@2.90.1", "", { "dependencies": { "iceberg-js": "^0.8.1", "tslib": "2.8.1" } }, "sha512-GHY+Ps/K/RBfRj7kwx+iVf2HIdqOS43rM2iDOIDpapyUnGA9CCBFzFV/XvfzznGykd//z2dkGZhlZZprsVFqGg=="],

    "@supabase/supabase-js": ["@supabase/supabase-js@2.90.1", "", { "dependencies": { "@supabase/auth-js": "2.90.1", "@supabase/functions-js": "2.90.1", "@supabase/postgrest-js": "2.90.1", "@supabase/realtime-js": "2.90.1", "@supabase/storage-js": "2.90.1" } }, "sha512-U8KaKGLUgTIFHtwEW1dgw1gK7XrdpvvYo7nzzqPx721GqPe8WZbAiLh/hmyKLGBYQ/mmQNr20vU9tWSDZpii3w=="],

    "@types/node": ["@types/node@24.10.1", "", { "dependencies": { "undici-types": "~7.16.0" } }, "sha512-GNWcUTRBgIRJD5zj+Tq0fKOJ5XZajIiBroOF0yvj2bSU1WvNdYS/dn9UxwsujGW4JX06dnHyjV2y9rRaybH0iQ=="],

    "@types/phoenix": ["@types/phoenix@1.6.6", "", {}, "sha512-PIzZZlEppgrpoT2QgbnDU+MMzuR6BbCjllj0bM70lWoejMeNJAxCchxnv7J3XFkI8MpygtRpzXrIlmWUBclP5A=="],

    "@types/ws": ["@types/ws@8.18.1", "", { "dependencies": { "@types/node": "*" } }, "sha512-ThVF6DCVhA8kUGy+aazFQ4kXQ7E1Ty7A3ypFOe0IcJV8O/M511G99AW24irKrW56Wt44yG9+ij8FaqoBGkuBXg=="],

    "audio-extensions": ["audio-extensions@0.0.0", "", {}, "sha512-yj9C819u3ED3/OyRd9mLKMXGy8wsElaf6bkkv6OqZEKrNAT461TjiznS4IfPBy8Mmh6DWaXCQCVYSq3+VHkpjQ=="],

    "base64-js": ["base64-js@0.0.2", "", {}, "sha512-Pj9L87dCdGcKlSqPVUjD+q96pbIx1zQQLb2CUiWURfjiBELv84YX+0nGnKmyT/9KkC7PQk7UN1w+Al8bBozaxQ=="],

    "bops": ["bops@0.0.6", "", { "dependencies": { "base64-js": "0.0.2", "to-utf8": "0.0.1" } }, "sha512-EWD8/Ei9o/h/wmR3w/YL/8dGKe4rSFHlaO8VNNcuXnjXjeTgxdcmhjPf9hRCYlqTrBPZbKaht+FxZKahcob5UQ=="],

    "concat-stream": ["concat-stream@1.0.1", "", { "dependencies": { "bops": "0.0.6" } }, "sha512-nAHFsgeRVVvZ+aB3S1gLeN73fQ+tdOcw075BHbXMbC6MY0h6nqAkEeqPVCw8kRuDJJZDvaUjxI4jZv2FD0Tl8A=="],

    "duplexer": ["duplexer@0.0.4", "", {}, "sha512-nO0WWuIDTde3CWK/8IPpG50dyhUilgpsqzYSIP+w20Yh+4iDgb/2Gs75QItcp0Hmx/JtxtTXBalj+LSTD1VemA=="],

    "ffmetadata": ["ffmetadata@1.7.0", "", { "dependencies": { "concat-stream": "~1.0.0", "split": "~0.2.6", "stream-combiner": "0.0.2", "stream-filter": "1", "through": "~2.3.4" } }, "sha512-9qiv40lskKAz63qJKemVxmfH3Xkp3TuXK7teQOxh69kSJDxkBu1Mzr93bSKL9fyqqZ4uo6hnZfCHb/40AEF8+A=="],

    "filename-reserved-regex": ["filename-reserved-regex@4.0.0", "", {}, "sha512-9ZT504KxEQDamsOogZImAWGEN24R1uFAxU3ZS4AZqn2ooidmN68Olh7n4/RcA4lLatZztjA0ZSuxeLHVoCc8JA=="],

    "filenamify": ["filenamify@7.0.1", "", { "dependencies": { "filename-reserved-regex": "^4.0.0" } }, "sha512-9b4rfnaX2MkJCgp27wypV6DAMvj4WMOSgJ+TdcpJIO84Dql+Cv6iJjdG4XDTLubOWkfNiBv3joO59sau/TXw+Q=="],

    "fuzzysort": ["fuzzysort@3.1.0", "", {}, "sha512-sR9BNCjBg6LNgwvxlBd0sBABvQitkLzoVY9MYYROQVX/FvfJ4Mai9LsGhDgd8qYdds0bY77VzYd5iuB+v5rwQQ=="],

    "get-artist-title": ["get-artist-title@1.3.1", "", { "dependencies": { "audio-extensions": "0.0.0", "video-extensions": "^1.1.0" }, "bin": { "format-artist-title": "cli.js" } }, "sha512-oK+EOnyOgdSAYeqq/VDRJC71Kyz7YR6MPhM1Juwb0Lil4g3kBcTPQCgEouhSKwAyDQuUx1M8oyLfMSSqa6m/TA=="],

    "iceberg-js": ["iceberg-js@0.8.1", "", {}, "sha512-1dhVQZXhcHje7798IVM+xoo/1ZdVfzOMIc8/rgVSijRK38EDqOJoGula9N/8ZI5RD8QTxNQtK/Gozpr+qUqRRA=="],

    "kleur": ["kleur@3.0.3", "", {}, "sha512-eTIzlVOSUR+JxdDFepEYcBMtZ9Qqdef+rnzWdRZuMbOywu5tO2w2N7rqjoANZ5k9vywhL6Br1VRjUIgTQx4E8w=="],

    "media-url-parser": ["media-url-parser@0.2.4", "", {}, "sha512-Yn/hYVFuf8WY1+TCE2iTBKW13j/p3/1YxAXVTiZLNOuIe1yYVq/ZHCyBJQ02n/1j3HrJTx8q2a3I23TZ7gUTQg=="],

    "prompts": ["prompts@2.4.2", "", { "dependencies": { "kleur": "^3.0.3", "sisteransi": "^1.0.5" } }, "sha512-NxNv/kLguCA7p3jE8oL2aEBsrJWgAakBpgmgK6lpPWV+WuOmY6r2/zbAVnP+T8bQlA0nzHXSJSJW0Hq7ylaD2Q=="],

    "sisteransi": ["sisteransi@1.0.5", "", {}, "sha512-bLGGlR1QxBcynn2d5YmDX4MGjlZvy2MRBDRNHLJ8VI6l6+9FUiyTFNJ0IveOSP0bcXgVDPRcfGqA0pjaqUpfVg=="],

    "split": ["split@0.2.10", "", { "dependencies": { "through": "2" } }, "sha512-e0pKq+UUH2Xq/sXbYpZBZc3BawsfDZ7dgv+JtRTUPNcvF5CMR4Y9cvJqkMY0MoxWzTHvZuz1beg6pNEKlszPiQ=="],

    "stream-combiner": ["stream-combiner@0.0.2", "", { "dependencies": { "duplexer": "~0.0.3" } }, "sha512-Z2D5hPQapscuHNqiyUgjnF1sxG/9CB7gs1a9vcS2/OvMiFwmm6EZw9IjbU34l5mPXS62RidpoBdyB83E0GXHLw=="],

    "stream-filter": ["stream-filter@1.0.0", "", { "dependencies": { "through": "~2" } }, "sha512-FnB+RV/hfX5nU758FY1ImWwmbHRCiqTdZHMlLfnEz/rR8S1HPvt7LzcZh/poqVBvn3cgoiUTmsAipb8oN+EbFA=="],

    "through": ["through@2.3.8", "", {}, "sha512-w89qg7PI8wAdvX60bMDP+bFoD5Dvhm9oLheFp5O4a2QF0cSBGsBX4qZmadPMvVqlLJBBci+WqGGOAPvcDeNSVg=="],

    "to-utf8": ["to-utf8@0.0.1", "", {}, "sha512-zks18/TWT1iHO3v0vFp5qLKOG27m67ycq/Y7a7cTiRuUNlc4gf3HGnkRgMv0NyhnfTamtkYBJl+YeD1/j07gBQ=="],

    "tslib": ["tslib@2.8.1", "", {}, "sha512-oJFu94HQb+KVduSUQL7wnpmqnfmLsOA/nAh6b6EH0wCEoK0/mPeXU6c3wKDV83MkOuHPRHtSXKKU99IBazS/2w=="],

    "undici-types": ["undici-types@7.16.0", "", {}, "sha512-Zz+aZWSj8LE6zoxD+xrjh4VfkIG8Ya6LvYkZqtUQGJPZjYl53ypCaUwWqo7eI0x66KBGeRo+mlBEkMSeSZ38Nw=="],

    "uuid": ["uuid@13.0.0", "", { "bin": { "uuid": "dist-node/bin/uuid" } }, "sha512-XQegIaBTVUjSHliKqcnFqYypAd4S+WCYt5NIeRs6w/UAry7z8Y9j5ZwRRL4kzq9U3sD6v+85er9FvkEaBpji2w=="],

    "video-extensions": ["video-extensions@1.2.0", "", {}, "sha512-TriMl18BHEsh2KuuSA065tbu4SNAC9fge7k8uKoTTofTq89+Xsg4K1BGbmSVETwUZhqSjd9KwRCNwXAW/buXMg=="],

    "ws": ["ws@8.18.3", "", { "peerDependencies": { "bufferutil": "^4.0.1", "utf-8-validate": ">=5.0.2" }, "optionalPeers": ["bufferutil", "utf-8-validate"] }, "sha512-PEIGCY5tSlUt50cqyMXfCzX+oOPqN0vuGqWzbcJ2xvnkzkq46oOpz7dQaTDBdfICb4N14+GARUDw2XV2N4tvzg=="],

    "zod": ["zod@4.3.5", "", {}, "sha512-k7Nwx6vuWx1IJ9Bjuf4Zt1PEllcwe7cls3VNzm4CQ1/hgtFUK2bRNG3rvnpPUhFjmqJKAKtjV576KnUkHocg/g=="],
  }
}
